
Microsoft Visual Studio Solution File, Format Version 12.00
# Visual Studio Version 17
VisualStudioVersion = 17.6.33801.468
MinimumVisualStudioVersion = 10.0.40219.1
Project("{FAE04EC0-301F-11D3-BF4B-00C04F79EFBC}") = "OnlineAuctionAPI", "OnlineAuctionAPI\OnlineAuctionAPI.csproj", "{12503C91-6C30-4380-9991-6551E2B51BB6}"
EndProject
Global
	GlobalSection(SolutionConfigurationPlatforms) = preSolution
		Debug|Any CPU = Debug|Any CPU
		Release|Any CPU = Release|Any CPU
	EndGlobalSection
	GlobalSection(ProjectConfigurationPlatforms) = postSolution
		{12503C91-6C30-4380-9991-6551E2B51BB6}.Debug|Any CPU.ActiveCfg = Debug|Any CPU
		{12503C91-6C30-4380-9991-6551E2B51BB6}.Debug|Any CPU.Build.0 = Debug|Any CPU
		{12503C91-6C30-4380-9991-6551E2B51BB6}.Release|Any CPU.ActiveCfg = Release|Any CPU
		{12503C91-6C30-4380-9991-6551E2B51BB6}.Release|Any CPU.Build.0 = Release|Any CPU
	EndGlobalSection
	GlobalSection(SolutionProperties) = preSolution
		HideSolutionNode = FALSE
	EndGlobalSection
	GlobalSection(ExtensibilityGlobals) = postSolution
		SolutionGuid = {18976488-CADE-40EA-9594-3B15B44EA491}
	EndGlobalSection
EndGlobal
